// !$*UTF8*$!
{
	archiveVersion = 1;
	classes = {
	};
	objectVersion = 50;
	objects = {

/* Begin PBXBuildFile section */
		4D07E77F22AF7E4400C5134E /* icon.bundle in Resources */ = {isa = PBXBuildFile; fileRef = 4D07E77E22AF7E4400C5134E /* icon.bundle */; };
		4DCD20CF229EEB9A008223C9 /* AppDelegate.m in Sources */ = {isa = PBXBuildFile; fileRef = 4DCD20CE229EEB9A008223C9 /* AppDelegate.m */; };
		4DCD20D2229EEB9A008223C9 /* ViewController.m in Sources */ = {isa = PBXBuildFile; fileRef = 4DCD20D1229EEB9A008223C9 /* ViewController.m */; };
		4DCD20D5229EEB9A008223C9 /* Main.storyboard in Resources */ = {isa = PBXBuildFile; fileRef = 4DCD20D3229EEB9A008223C9 /* Main.storyboard */; };
		4DCD20D8229EEB9A008223C9 /* MyNews.xcdatamodeld in Sources */ = {isa = PBXBuildFile; fileRef = 4DCD20D6229EEB9A008223C9 /* MyNews.xcdatamodeld */; };
		4DCD20DA229EEB9F008223C9 /* Assets.xcassets in Resources */ = {isa = PBXBuildFile; fileRef = 4DCD20D9229EEB9F008223C9 /* Assets.xcassets */; };
		4DCD20DD229EEB9F008223C9 /* LaunchScreen.storyboard in Resources */ = {isa = PBXBuildFile; fileRef = 4DCD20DB229EEB9F008223C9 /* LaunchScreen.storyboard */; };
		4DCD20E0229EEB9F008223C9 /* main.m in Sources */ = {isa = PBXBuildFile; fileRef = 4DCD20DF229EEB9F008223C9 /* main.m */; };
		4DCD20EA229EEB9F008223C9 /* MyNewsTests.m in Sources */ = {isa = PBXBuildFile; fileRef = 4DCD20E9229EEB9F008223C9 /* MyNewsTests.m */; };
		4DCD20F5229EEB9F008223C9 /* MyNewsUITests.m in Sources */ = {isa = PBXBuildFile; fileRef = 4DCD20F4229EEB9F008223C9 /* MyNewsUITests.m */; };
/* End PBXBuildFile section */

/* Begin PBXContainerItemProxy section */
		4DCD20E6229EEB9F008223C9 /* PBXContainerItemProxy */ = {
			isa = PBXContainerItemProxy;
			containerPortal = 4DCD20C2229EEB9A008223C9 /* Project object */;
			proxyType = 1;
			remoteGlobalIDString = 4DCD20C9229EEB9A008223C9;
			remoteInfo = MyNews;
		};
		4DCD20F1229EEB9F008223C9 /* PBXContainerItemProxy */ = {
			isa = PBXContainerItemProxy;
			containerPortal = 4DCD20C2229EEB9A008223C9 /* Project object */;
			proxyType = 1;
			remoteGlobalIDString = 4DCD20C9229EEB9A008223C9;
			remoteInfo = MyNews;
		};
/* End PBXContainerItemProxy section */

/* Begin PBXFileReference section */
		4D07E77E22AF7E4400C5134E /* icon.bundle */ = {isa = PBXFileReference; lastKnownFileType = "wrapper.plug-in"; path = icon.bundle; sourceTree = "<group>"; };
		4DCD20CA229EEB9A008223C9 /* MyNews.app */ = {isa = PBXFileReference; explicitFileType = wrapper.application; includeInIndex = 0; path = MyNews.app; sourceTree = BUILT_PRODUCTS_DIR; };
		4DCD20CD229EEB9A008223C9 /* AppDelegate.h */ = {isa = PBXFileReference; lastKnownFileType = sourcecode.c.h; path = AppDelegate.h; sourceTree = "<group>"; };
		4DCD20CE229EEB9A008223C9 /* AppDelegate.m */ = {isa = PBXFileReference; lastKnownFileType = sourcecode.c.objc; path = AppDelegate.m; sourceTree = "<group>"; };
		4DCD20D0229EEB9A008223C9 /* ViewController.h */ = {isa = PBXFileReference; lastKnownFileType = sourcecode.c.h; path = ViewController.h; sourceTree = "<group>"; };
		4DCD20D1229EEB9A008223C9 /* ViewController.m */ = {isa = PBXFileReference; lastKnownFileType = sourcecode.c.objc; path = ViewController.m; sourceTree = "<group>"; };
		4DCD20D4229EEB9A008223C9 /* Base */ = {isa = PBXFileReference; lastKnownFileType = file.storyboard; name = Base; path = Base.lproj/Main.storyboard; sourceTree = "<group>"; };
		4DCD20D7229EEB9A008223C9 /* MyNews.xcdatamodel */ = {isa = PBXFileReference; lastKnownFileType = wrapper.xcdatamodel; path = MyNews.xcdatamodel; sourceTree = "<group>"; };
		4DCD20D9229EEB9F008223C9 /* Assets.xcassets */ = {isa = PBXFileReference; lastKnownFileType = folder.assetcatalog; path = Assets.xcassets; sourceTree = "<group>"; };
		4DCD20DC229EEB9F008223C9 /* Base */ = {isa = PBXFileReference; lastKnownFileType = file.storyboard; name = Base; path = Base.lproj/LaunchScreen.storyboard; sourceTree = "<group>"; };
		4DCD20DE229EEB9F008223C9 /* Info.plist */ = {isa = PBXFileReference; lastKnownFileType = text.plist.xml; path = Info.plist; sourceTree = "<group>"; };
		4DCD20DF229EEB9F008223C9 /* main.m */ = {isa = PBXFileReference; lastKnownFileType = sourcecode.c.objc; path = main.m; sourceTree = "<group>"; };
		4DCD20E5229EEB9F008223C9 /* MyNewsTests.xctest */ = {isa = PBXFileReference; explicitFileType = wrapper.cfbundle; includeInIndex = 0; path = MyNewsTests.xctest; sourceTree = BUILT_PRODUCTS_DIR; };
		4DCD20E9229EEB9F008223C9 /* MyNewsTests.m */ = {isa = PBXFileReference; lastKnownFileType = sourcecode.c.objc; path = MyNewsTests.m; sourceTree = "<group>"; };
		4DCD20EB229EEB9F008223C9 /* Info.plist */ = {isa = PBXFileReference; lastKnownFileType = text.plist.xml; path = Info.plist; sourceTree = "<group>"; };
		4DCD20F0229EEB9F008223C9 /* MyNewsUITests.xctest */ = {isa = PBXFileReference; explicitFileType = wrapper.cfbundle; includeInIndex = 0; path = MyNewsUITests.xctest; sourceTree = BUILT_PRODUCTS_DIR; };
		4DCD20F4229EEB9F008223C9 /* MyNewsUITests.m */ = {isa = PBXFileReference; lastKnownFileType = sourcecode.c.objc; path = MyNewsUITests.m; sourceTree = "<group>"; };
		4DCD20F6229EEB9F008223C9 /* Info.plist */ = {isa = PBXFileReference; lastKnownFileType = text.plist.xml; path = Info.plist; sourceTree = "<group>"; };
/* End PBXFileReference section */

/* Begin PBXFrameworksBuildPhase section */
		4DCD20C7229EEB9A008223C9 /* Frameworks */ = {
			isa = PBXFrameworksBuildPhase;
			buildActionMask = 2147483647;
			files = (
			);
			runOnlyForDeploymentPostprocessing = 0;
		};
		4DCD20E2229EEB9F008223C9 /* Frameworks */ = {
			isa = PBXFrameworksBuildPhase;
			buildActionMask = 2147483647;
			files = (
			);
			runOnlyForDeploymentPostprocessing = 0;
		};
		4DCD20ED229EEB9F008223C9 /* Frameworks */ = {
			isa = PBXFrameworksBuildPhase;
			buildActionMask = 2147483647;
			files = (
			);
			runOnlyForDeploymentPostprocessing = 0;
		};
/* End PBXFrameworksBuildPhase section */

/* Begin PBXGroup section */
		4DCD20C1229EEB9A008223C9 = {
			isa = PBXGroup;
			children = (
				4DCD20CC229EEB9A008223C9 /* MyNews */,
				4DCD20E8229EEB9F008223C9 /* MyNewsTests */,
				4DCD20F3229EEB9F008223C9 /* MyNewsUITests */,
				4DCD20CB229EEB9A008223C9 /* Products */,
			);
			sourceTree = "<group>";
		};
		4DCD20CB229EEB9A008223C9 /* Products */ = {
			isa = PBXGroup;
			children = (
				4DCD20CA229EEB9A008223C9 /* MyNews.app */,
				4DCD20E5229EEB9F008223C9 /* MyNewsTests.xctest */,
				4DCD20F0229EEB9F008223C9 /* MyNewsUITests.xctest */,
			);
			name = Products;
			sourceTree = "<group>";
		};
		4DCD20CC229EEB9A008223C9 /* MyNews */ = {
			isa = PBXGroup;
			children = (
				4D07E77E22AF7E4400C5134E /* icon.bundle */,
				4DCD20CD229EEB9A008223C9 /* AppDelegate.h */,
				4DCD20CE229EEB9A008223C9 /* AppDelegate.m */,
				4DCD20D0229EEB9A008223C9 /* ViewController.h */,
				4DCD20D1229EEB9A008223C9 /* ViewController.m */,
				4DCD20D3229EEB9A008223C9 /* Main.storyboard */,
				4DCD20D9229EEB9F008223C9 /* Assets.xcassets */,
				4DCD20DB229EEB9F008223C9 /* LaunchScreen.storyboard */,
				4DCD20DE229EEB9F008223C9 /* Info.plist */,
				4DCD20DF229EEB9F008223C9 /* main.m */,
				4DCD20D6229EEB9A008223C9 /* MyNews.xcdatamodeld */,
			);
			path = MyNews;
			sourceTree = "<group>";
		};
		4DCD20E8229EEB9F008223C9 /* MyNewsTests */ = {
			isa = PBXGroup;
			children = (
				4DCD20E9229EEB9F008223C9 /* MyNewsTests.m */,
				4DCD20EB229EEB9F008223C9 /* Info.plist */,
			);
			path = MyNewsTests;
			sourceTree = "<group>";
		};
		4DCD20F3229EEB9F008223C9 /* MyNewsUITests */ = {
			isa = PBXGroup;
			children = (
				4DCD20F4229EEB9F008223C9 /* MyNewsUITests.m */,
				4DCD20F6229EEB9F008223C9 /* Info.plist */,
			);
			path = MyNewsUITests;
			sourceTree = "<group>";
		};
/* End PBXGroup section */

/* Begin PBXNativeTarget section */
		4DCD20C9229EEB9A008223C9 /* MyNews */ = {
			isa = PBXNativeTarget;
			buildConfigurationList = 4DCD20F9229EEB9F008223C9 /* Build configuration list for PBXNativeTarget "MyNews" */;
			buildPhases = (
				4DCD20C6229EEB9A008223C9 /* Sources */,
				4DCD20C7229EEB9A008223C9 /* Frameworks */,
				4DCD20C8229EEB9A008223C9 /* Resources */,
			);
			buildRules = (
			);
			dependencies = (
			);
			name = MyNews;
			productName = MyNews;
			productReference = 4DCD20CA229EEB9A008223C9 /* MyNews.app */;
			productType = "com.apple.product-type.application";
		};
		4DCD20E4229EEB9F008223C9 /* MyNewsTests */ = {
			isa = PBXNativeTarget;
			buildConfigurationList = 4DCD20FC229EEB9F008223C9 /* Build configuration list for PBXNativeTarget "MyNewsTests" */;
			buildPhases = (
				4DCD20E1229EEB9F008223C9 /* Sources */,
				4DCD20E2229EEB9F008223C9 /* Frameworks */,
				4DCD20E3229EEB9F008223C9 /* Resources */,
			);
			buildRules = (
			);
			dependencies = (
				4DCD20E7229EEB9F008223C9 /* PBXTargetDependency */,
			);
			name = MyNewsTests;
			productName = MyNewsTests;
			productReference = 4DCD20E5229EEB9F008223C9 /* MyNewsTests.xctest */;
			productType = "com.apple.product-type.bundle.unit-test";
		};
		4DCD20EF229EEB9F008223C9 /* MyNewsUITests */ = {
			isa = PBXNativeTarget;
			buildConfigurationList = 4DCD20FF229EEB9F008223C9 /* Build configuration list for PBXNativeTarget "MyNewsUITests" */;
			buildPhases = (
				4DCD20EC229EEB9F008223C9 /* Sources */,
				4DCD20ED229EEB9F008223C9 /* Frameworks */,
				4DCD20EE229EEB9F008223C9 /* Resources */,
			);
			buildRules = (
			);
			dependencies = (
				4DCD20F2229EEB9F008223C9 /* PBXTargetDependency */,
			);
			name = MyNewsUITests;
			productName = MyNewsUITests;
			productReference = 4DCD20F0229EEB9F008223C9 /* MyNewsUITests.xctest */;
			productType = "com.apple.product-type.bundle.ui-testing";
		};
/* End PBXNativeTarget section */

/* Begin PBXProject section */
		4DCD20C2229EEB9A008223C9 /* Project object */ = {
			isa = PBXProject;
			attributes = {
				LastUpgradeCheck = 1010;
				ORGANIZATIONNAME = gosky;
				TargetAttributes = {
					4DCD20C9229EEB9A008223C9 = {
						CreatedOnToolsVersion = 10.1;
					};
					4DCD20E4229EEB9F008223C9 = {
						CreatedOnToolsVersion = 10.1;
						TestTargetID = 4DCD20C9229EEB9A008223C9;
					};
					4DCD20EF229EEB9F008223C9 = {
						CreatedOnToolsVersion = 10.1;
						TestTargetID = 4DCD20C9229EEB9A008223C9;
					};
				};
			};
			buildConfigurationList = 4DCD20C5229EEB9A008223C9 /* Build configuration list for PBXProject "MyNews" */;
			compatibilityVersion = "Xcode 9.3";
			developmentRegion = en;
			hasScannedForEncodings = 0;
			knownRegions = (
				en,
				Base,
			);
			mainGroup = 4DCD20C1229EEB9A008223C9;
			productRefGroup = 4DCD20CB229EEB9A008223C9 /* Products */;
			projectDirPath = "";
			projectRoot = "";
			targets = (
				4DCD20C9229EEB9A008223C9 /* MyNews */,
				4DCD20E4229EEB9F008223C9 /* MyNewsTests */,
				4DCD20EF229EEB9F008223C9 /* MyNewsUITests */,
			);
		};
/* End PBXProject section */

/* Begin PBXResourcesBuildPhase section */
		4DCD20C8229EEB9A008223C9 /* Resources */ = {
			isa = PBXResourcesBuildPhase;
			buildActionMask = 2147483647;
			files = (
				4D07E77F22AF7E4400C5134E /* icon.bundle in Resources */,
				4DCD20DD229EEB9F008223C9 /* LaunchScreen.storyboard in Resources */,
				4DCD20DA229EEB9F008223C9 /* Assets.xcassets in Resources */,
				4DCD20D5229EEB9A008223C9 /* Main.storyboard in Resources */,
			);
			runOnlyForDeploymentPostprocessing = 0;
		};
		4DCD20E3229EEB9F008223C9 /* Resources */ = {
			isa = PBXResourcesBuildPhase;
			buildActionMask = 2147483647;
			files = (
			);
			runOnlyForDeploymentPostprocessing = 0;
		};
		4DCD20EE229EEB9F008223C9 /* Resources */ = {
			isa = PBXResourcesBuildPhase;
			buildActionMask = 2147483647;
			files = (
			);
			runOnlyForDeploymentPostprocessing = 0;
		};
/* End PBXResourcesBuildPhase section */

/* Begin PBXSourcesBuildPhase section */
		4DCD20C6229EEB9A008223C9 /* Sources */ = {
			isa = PBXSourcesBuildPhase;
			buildActionMask = 2147483647;
			files = (
				4DCD20D2229EEB9A008223C9 /* ViewController.m in Sources */,
				4DCD20CF229EEB9A008223C9 /* AppDelegate.m in Sources */,
				4DCD20E0229EEB9F008223C9 /* main.m in Sources */,
				4DCD20D8229EEB9A008223C9 /* MyNews.xcdatamodeld in Sources */,
			);
			runOnlyForDeploymentPostprocessing = 0;
		};
		4DCD20E1229EEB9F008223C9 /* Sources */ = {
			isa = PBXSourcesBuildPhase;
			buildActionMask = 2147483647;
			files = (
				4DCD20EA229EEB9F008223C9 /* MyNewsTests.m in Sources */,
			);
			runOnlyForDeploymentPostprocessing = 0;
		};
		4DCD20EC229EEB9F008223C9 /* Sources */ = {
			isa = PBXSourcesBuildPhase;
			buildActionMask = 2147483647;
			files = (
				4DCD20F5229EEB9F008223C9 /* MyNewsUITests.m in Sources */,
			);
			runOnlyForDeploymentPostprocessing = 0;
		};
/* End PBXSourcesBuildPhase section */

/* Begin PBXTargetDependency section */
		4DCD20E7229EEB9F008223C9 /* PBXTargetDependency */ = {
			isa = PBXTargetDependency;
			target = 4DCD20C9229EEB9A008223C9 /* MyNews */;
			targetProxy = 4DCD20E6229EEB9F008223C9 /* PBXContainerItemProxy */;
		};
		4DCD20F2229EEB9F008223C9 /* PBXTargetDependency */ = {
			isa = PBXTargetDependency;
			target = 4DCD20C9229EEB9A008223C9 /* MyNews */;
			targetProxy = 4DCD20F1229EEB9F008223C9 /* PBXContainerItemProxy */;
		};
/* End PBXTargetDependency section */

/* Begin PBXVariantGroup section */
		4DCD20D3229EEB9A008223C9 /* Main.storyboard */ = {
			isa = PBXVariantGroup;
			children = (
				4DCD20D4229EEB9A008223C9 /* Base */,
			);
			name = Main.storyboard;
			sourceTree = "<group>";
		};
		4DCD20DB229EEB9F008223C9 /* LaunchScreen.storyboard */ = {
			isa = PBXVariantGroup;
			children = (
				4DCD20DC229EEB9F008223C9 /* Base */,
			);
			name = LaunchScreen.storyboard;
			sourceTree = "<group>";
		};
/* End PBXVariantGroup section */

/* Begin XCBuildConfiguration section */
		4DCD20F7229EEB9F008223C9 /* Debug */ = {
			isa = XCBuildConfiguration;
			buildSettings = {
				ALWAYS_SEARCH_USER_PATHS = NO;
				CLANG_ANALYZER_NONNULL = YES;
				CLANG_ANALYZER_NUMBER_OBJECT_CONVERSION = YES_AGGRESSIVE;
				CLANG_CXX_LANGUAGE_STANDARD = "gnu++14";
				CLANG_CXX_LIBRARY = "libc++";
				CLANG_ENABLE_MODULES = YES;
				CLANG_ENABLE_OBJC_ARC = YES;
				CLANG_ENABLE_OBJC_WEAK = YES;
				CLANG_WARN_BLOCK_CAPTURE_AUTORELEASING = YES;
				CLANG_WARN_BOOL_CONVERSION = YES;
				CLANG_WARN_COMMA = YES;
				CLANG_WARN_CONSTANT_CONVERSION = YES;
				CLANG_WARN_DEPRECATED_OBJC_IMPLEMENTATIONS = YES;
				CLANG_WARN_DIRECT_OBJC_ISA_USAGE = YES_ERROR;
				CLANG_WARN_DOCUMENTATION_COMMENTS = YES;
				CLANG_WARN_EMPTY_BODY = YES;
				CLANG_WARN_ENUM_CONVERSION = YES;
				CLANG_WARN_INFINITE_RECURSION = YES;
				CLANG_WARN_INT_CONVERSION = YES;
				CLANG_WARN_NON_LITERAL_NULL_CONVERSION = YES;
				CLANG_WARN_OBJC_IMPLICIT_RETAIN_SELF = YES;
				CLANG_WARN_OBJC_LITERAL_CONVERSION = YES;
				CLANG_WARN_OBJC_ROOT_CLASS = YES_ERROR;
				CLANG_WARN_RANGE_LOOP_ANALYSIS = YES;
				CLANG_WARN_STRICT_PROTOTYPES = YES;
				CLANG_WARN_SUSPICIOUS_MOVE = YES;
				CLANG_WARN_UNGUARDED_AVAILABILITY = YES_AGGRESSIVE;
				CLANG_WARN_UNREACHABLE_CODE = YES;
				CLANG_WARN__DUPLICATE_METHOD_MATCH = YES;
				CODE_SIGN_IDENTITY = "iPhone Developer";
				COPY_PHASE_STRIP = NO;
				DEBUG_INFORMATION_FORMAT = dwarf;
				ENABLE_STRICT_OBJC_MSGSEND = YES;
				ENABLE_TESTABILITY = YES;
				GCC_C_LANGUAGE_STANDARD = gnu11;
				GCC_DYNAMIC_NO_PIC = NO;
				GCC_NO_COMMON_BLOCKS = YES;
				GCC_OPTIMIZATION_LEVEL = 0;
				GCC_PREPROCESSOR_DEFINITIONS = (
					"DEBUG=1",
					"$(inherited)",
				);
				GCC_WARN_64_TO_32_BIT_CONVERSION = YES;
				GCC_WARN_ABOUT_RETURN_TYPE = YES_ERROR;
				GCC_WARN_UNDECLARED_SELECTOR = YES;
				GCC_WARN_UNINITIALIZED_AUTOS = YES_AGGRESSIVE;
				GCC_WARN_UNUSED_FUNCTION = YES;
				GCC_WARN_UNUSED_VARIABLE = YES;
				IPHONEOS_DEPLOYMENT_TARGET = 12.1;
				MTL_ENABLE_DEBUG_INFO = INCLUDE_SOURCE;
				MTL_FAST_MATH = YES;
				ONLY_ACTIVE_ARCH = YES;
				SDKROOT = iphoneos;
			};
			name = Debug;
		};
		4DCD20F8229EEB9F008223C9 /* Release */ = {
			isa = XCBuildConfiguration;
			buildSettings = {
				ALWAYS_SEARCH_USER_PATHS = NO;
				CLANG_ANALYZER_NONNULL = YES;
				CLANG_ANALYZER_NUMBER_OBJECT_CONVERSION = YES_AGGRESSIVE;
				CLANG_CXX_LANGUAGE_STANDARD = "gnu++14";
				CLANG_CXX_LIBRARY = "libc++";
				CLANG_ENABLE_MODULES = YES;
				CLANG_ENABLE_OBJC_ARC = YES;
				CLANG_ENABLE_OBJC_WEAK = YES;
				CLANG_WARN_BLOCK_CAPTURE_AUTORELEASING = YES;
				CLANG_WARN_BOOL_CONVERSION = YES;
				CLANG_WARN_COMMA = YES;
				CLANG_WARN_CONSTANT_CONVERSION = YES;
				CLANG_WARN_DEPRECATED_OBJC_IMPLEMENTATIONS = YES;
				CLANG_WARN_DIRECT_OBJC_ISA_USAGE = YES_ERROR;
				CLANG_WARN_DOCUMENTATION_COMMENTS = YES;
				CLANG_WARN_EMPTY_BODY = YES;
				CLANG_WARN_ENUM_CONVERSION = YES;
				CLANG_WARN_INFINITE_RECURSION = YES;
				CLANG_WARN_INT_CONVERSION = YES;
				CLANG_WARN_NON_LITERAL_NULL_CONVERSION = YES;
				CLANG_WARN_OBJC_IMPLICIT_RETAIN_SELF = YES;
				CLANG_WARN_OBJC_LITERAL_CONVERSION = YES;
				CLANG_WARN_OBJC_ROOT_CLASS = YES_ERROR;
				CLANG_WARN_RANGE_LOOP_ANALYSIS = YES;
				CLANG_WARN_STRICT_PROTOTYPES = YES;
				CLANG_WARN_SUSPICIOUS_MOVE = YES;
				CLANG_WARN_UNGUARDED_AVAILABILITY = YES_AGGRESSIVE;
				CLANG_WARN_UNREACHABLE_CODE = YES;
				CLANG_WARN__DUPLICATE_METHOD_MATCH = YES;
				CODE_SIGN_IDENTITY = "iPhone Developer";
				COPY_PHASE_STRIP = NO;
				DEBUG_INFORMATION_FORMAT = "dwarf-with-dsym";
				ENABLE_NS_ASSERTIONS = NO;
				ENABLE_STRICT_OBJC_MSGSEND = YES;
				GCC_C_LANGUAGE_STANDARD = gnu11;
				GCC_NO_COMMON_BLOCKS = YES;
				GCC_WARN_64_TO_32_BIT_CONVERSION = YES;
				GCC_WARN_ABOUT_RETURN_TYPE = YES_ERROR;
				GCC_WARN_UNDECLARED_SELECTOR = YES;
				GCC_WARN_UNINITIALIZED_AUTOS = YES_AGGRESSIVE;
				GCC_WARN_UNUSED_FUNCTION = YES;
				GCC_WARN_UNUSED_VARIABLE = YES;
				IPHONEOS_DEPLOYMENT_TARGET = 12.1;
				MTL_ENABLE_DEBUG_INFO = NO;
				MTL_FAST_MATH = YES;
				SDKROOT = iphoneos;
				VALIDATE_PRODUCT = YES;
			};
			name = Release;
		};
		4DCD20FA229EEB9F008223C9 /* Debug */ = {
			isa = XCBuildConfiguration;
			buildSettings = {
				ASSETCATALOG_COMPILER_APPICON_NAME = AppIcon;
				CODE_SIGN_STYLE = Automatic;
				INFOPLIST_FILE = MyNews/Info.plist;
				LD_RUNPATH_SEARCH_PATHS = (
					"$(inherited)",
					"@executable_path/Frameworks",
				);
				PRODUCT_BUNDLE_IDENTIFIER = gosky.MyNews;
				PRODUCT_NAME = "$(TARGET_NAME)";
				TARGETED_DEVICE_FAMILY = "1,2";
			};
			name = Debug;
		};
		4DCD20FB229EEB9F008223C9 /* Release */ = {
			isa = XCBuildConfiguration;
			buildSettings = {
				ASSETCATALOG_COMPILER_APPICON_NAME = AppIcon;
				CODE_SIGN_STYLE = Automatic;
				INFOPLIST_FILE = MyNews/Info.plist;
				LD_RUNPATH_SEARCH_PATHS = (
					"$(inherited)",
					"@executable_path/Frameworks",
				);
				PRODUCT_BUNDLE_IDENTIFIER = gosky.MyNews;
				PRODUCT_NAME = "$(TARGET_NAME)";
				TARGETED_DEVICE_FAMILY = "1,2";
			};
			name = Release;
		};
		4DCD20FD229EEB9F008223C9 /* Debug */ = {
			isa = XCBuildConfiguration;
			buildSettings = {
				BUNDLE_LOADER = "$(TEST_HOST)";
				CODE_SIGN_STYLE = Automatic;
				INFOPLIST_FILE = MyNewsTests/Info.plist;
				LD_RUNPATH_SEARCH_PATHS = (
					"$(inherited)",
					"@executable_path/Frameworks",
					"@loader_path/Frameworks",
				);
				PRODUCT_BUNDLE_IDENTIFIER = gosky.MyNewsTests;
				PRODUCT_NAME = "$(TARGET_NAME)";
				TARGETED_DEVICE_FAMILY = "1,2";
				TEST_HOST = "$(BUILT_PRODUCTS_DIR)/MyNews.app/MyNews";
			};
			name = Debug;
		};
		4DCD20FE229EEB9F008223C9 /* Release */ = {
			isa = XCBuildConfiguration;
			buildSettings = {
				BUNDLE_LOADER = "$(TEST_HOST)";
				CODE_SIGN_STYLE = Automatic;
				INFOPLIST_FILE = MyNewsTests/Info.plist;
				LD_RUNPATH_SEARCH_PATHS = (
					"$(inherited)",
					"@executable_path/Frameworks",
					"@loader_path/Frameworks",
				);
				PRODUCT_BUNDLE_IDENTIFIER = gosky.MyNewsTests;
				PRODUCT_NAME = "$(TARGET_NAME)";
				TARGETED_DEVICE_FAMILY = "1,2";
				TEST_HOST = "$(BUILT_PRODUCTS_DIR)/MyNews.app/MyNews";
			};
			name = Release;
		};
		4DCD2100229EEB9F008223C9 /* Debug */ = {
			isa = XCBuildConfiguration;
			buildSettings = {
				CODE_SIGN_STYLE = Automatic;
				INFOPLIST_FILE = MyNewsUITests/Info.plist;
				LD_RUNPATH_SEARCH_PATHS = (
					"$(inherited)",
					"@executable_path/Frameworks",
					"@loader_path/Frameworks",
				);
				PRODUCT_BUNDLE_IDENTIFIER = gosky.MyNewsUITests;
				PRODUCT_NAME = "$(TARGET_NAME)";
				TARGETED_DEVICE_FAMILY = "1,2";
				TEST_TARGET_NAME = MyNews;
			};
			name = Debug;
		};
		4DCD2101229EEB9F008223C9 /* Release */ = {
			isa = XCBuildConfiguration;
			buildSettings = {
				CODE_SIGN_STYLE = Automatic;
				INFOPLIST_FILE = MyNewsUITests/Info.plist;
				LD_RUNPATH_SEARCH_PATHS = (
					"$(inherited)",
					"@executable_path/Frameworks",
					"@loader_path/Frameworks",
				);
				PRODUCT_BUNDLE_IDENTIFIER = gosky.MyNewsUITests;
				PRODUCT_NAME = "$(TARGET_NAME)";
				TARGETED_DEVICE_FAMILY = "1,2";
				TEST_TARGET_NAME = MyNews;
			};
			name = Release;
		};
/* End XCBuildConfiguration section */

/* Begin XCConfigurationList section */
		4DCD20C5229EEB9A008223C9 /* Build configuration list for PBXProject "MyNews" */ = {
			isa = XCConfigurationList;
			buildConfigurations = (
				4DCD20F7229EEB9F008223C9 /* Debug */,
				4DCD20F8229EEB9F008223C9 /* Release */,
			);
			defaultConfigurationIsVisible = 0;
			defaultConfigurationName = Release;
		};
		4DCD20F9229EEB9F008223C9 /* Build configuration list for PBXNativeTarget "MyNews" */ = {
			isa = XCConfigurationList;
			buildConfigurations = (
				4DCD20FA229EEB9F008223C9 /* Debug */,
				4DCD20FB229EEB9F008223C9 /* Release */,
			);
			defaultConfigurationIsVisible = 0;
			defaultConfigurationName = Release;
		};
		4DCD20FC229EEB9F008223C9 /* Build configuration list for PBXNativeTarget "MyNewsTests" */ = {
			isa = XCConfigurationList;
			buildConfigurations = (
				4DCD20FD229EEB9F008223C9 /* Debug */,
				4DCD20FE229EEB9F008223C9 /* Release */,
			);
			defaultConfigurationIsVisible = 0;
			defaultConfigurationName = Release;
		};
		4DCD20FF229EEB9F008223C9 /* Build configuration list for PBXNativeTarget "MyNewsUITests" */ = {
			isa = XCConfigurationList;
			buildConfigurations = (
				4DCD2100229EEB9F008223C9 /* Debug */,
				4DCD2101229EEB9F008223C9 /* Release */,
			);
			defaultConfigurationIsVisible = 0;
			defaultConfigurationName = Release;
		};
/* End XCConfigurationList section */

/* Begin XCVersionGroup section */
		4DCD20D6229EEB9A008223C9 /* MyNews.xcdatamodeld */ = {
			isa = XCVersionGroup;
			children = (
				4DCD20D7229EEB9A008223C9 /* MyNews.xcdatamodel */,
			);
			currentVersion = 4DCD20D7229EEB9A008223C9 /* MyNews.xcdatamodel */;
			path = MyNews.xcdatamodeld;
			sourceTree = "<group>";
			versionGroupType = wrapper.xcdatamodel;
		};
/* End XCVersionGroup section */
	};
	rootObject = 4DCD20C2229EEB9A008223C9 /* Project object */;
}
